// !$*UTF8*$!
{
	archiveVersion = 1;
	classes = {
	};
	objectVersion = 55;
	objects = {

/* Begin PBXBuildFile section */
		7437DE9E282BF3E7008A2368 /* FullInfoTableViewCell.swift in Sources */ = {isa = PBXBuildFile; fileRef = 7437DE9D282BF3E7008A2368 /* FullInfoTableViewCell.swift */; };
		7437DEA0282BF449008A2368 /* InfoTableViewController.swift in Sources */ = {isa = PBXBuildFile; fileRef = 7437DE9F282BF449008A2368 /* InfoTableViewController.swift */; };
		7437DEA2282BF8C2008A2368 /* Model.swift in Sources */ = {isa = PBXBuildFile; fileRef = 7437DEA1282BF8C2008A2368 /* Model.swift */; };
		7437DEA6282C10BF008A2368 /* Protocol.swift in Sources */ = {isa = PBXBuildFile; fileRef = 7437DEA5282C10BF008A2368 /* Protocol.swift */; };
		74DA2518280BE37D0086DD58 /* AppDelegate.swift in Sources */ = {isa = PBXBuildFile; fileRef = 74DA2517280BE37D0086DD58 /* AppDelegate.swift */; };
		74DA251A280BE37D0086DD58 /* SceneDelegate.swift in Sources */ = {isa = PBXBuildFile; fileRef = 74DA2519280BE37D0086DD58 /* SceneDelegate.swift */; };
		74DA251C280BE37D0086DD58 /* ViewController.swift in Sources */ = {isa = PBXBuildFile; fileRef = 74DA251B280BE37D0086DD58 /* ViewController.swift */; };
		74DA251F280BE37D0086DD58 /* Main.storyboard in Resources */ = {isa = PBXBuildFile; fileRef = 74DA251D280BE37D0086DD58 /* Main.storyboard */; };
		74DA2521280BE3840086DD58 /* Assets.xcassets in Resources */ = {isa = PBXBuildFile; fileRef = 74DA2520280BE3840086DD58 /* Assets.xcassets */; };
		74DA2524280BE3850086DD58 /* LaunchScreen.storyboard in Resources */ = {isa = PBXBuildFile; fileRef = 74DA2522280BE3850086DD58 /* LaunchScreen.storyboard */; };
/* End PBXBuildFile section */

/* Begin PBXFileReference section */
		7437DE9D282BF3E7008A2368 /* FullInfoTableViewCell.swift */ = {isa = PBXFileReference; lastKnownFileType = sourcecode.swift; path = FullInfoTableViewCell.swift; sourceTree = "<group>"; };
		7437DE9F282BF449008A2368 /* InfoTableViewController.swift */ = {isa = PBXFileReference; lastKnownFileType = sourcecode.swift; path = InfoTableViewController.swift; sourceTree = "<group>"; };
		7437DEA1282BF8C2008A2368 /* Model.swift */ = {isa = PBXFileReference; lastKnownFileType = sourcecode.swift; path = Model.swift; sourceTree = "<group>"; };
		7437DEA5282C10BF008A2368 /* Protocol.swift */ = {isa = PBXFileReference; lastKnownFileType = sourcecode.swift; path = Protocol.swift; sourceTree = "<group>"; };
		74DA2514280BE37D0086DD58 /* HomeTask.app */ = {isa = PBXFileReference; explicitFileType = wrapper.application; includeInIndex = 0; path = HomeTask.app; sourceTree = BUILT_PRODUCTS_DIR; };
		74DA2517280BE37D0086DD58 /* AppDelegate.swift */ = {isa = PBXFileReference; lastKnownFileType = sourcecode.swift; path = AppDelegate.swift; sourceTree = "<group>"; };
		74DA2519280BE37D0086DD58 /* SceneDelegate.swift */ = {isa = PBXFileReference; lastKnownFileType = sourcecode.swift; path = SceneDelegate.swift; sourceTree = "<group>"; };
		74DA251B280BE37D0086DD58 /* ViewController.swift */ = {isa = PBXFileReference; lastKnownFileType = sourcecode.swift; path = ViewController.swift; sourceTree = "<group>"; };
		74DA251E280BE37D0086DD58 /* Base */ = {isa = PBXFileReference; lastKnownFileType = file.storyboard; name = Base; path = Base.lproj/Main.storyboard; sourceTree = "<group>"; };
		74DA2520280BE3840086DD58 /* Assets.xcassets */ = {isa = PBXFileReference; lastKnownFileType = folder.assetcatalog; path = Assets.xcassets; sourceTree = "<group>"; };
		74DA2523280BE3850086DD58 /* Base */ = {isa = PBXFileReference; lastKnownFileType = file.storyboard; name = Base; path = Base.lproj/LaunchScreen.storyboard; sourceTree = "<group>"; };
		74DA2525280BE3850086DD58 /* Info.plist */ = {isa = PBXFileReference; lastKnownFileType = text.plist.xml; path = Info.plist; sourceTree = "<group>"; };
/* End PBXFileReference section */

/* Begin PBXFrameworksBuildPhase section */
		74DA2511280BE37D0086DD58 /* Frameworks */ = {
			isa = PBXFrameworksBuildPhase;
			buildActionMask = 2147483647;
			files = (
			);
			runOnlyForDeploymentPostprocessing = 0;
		};
/* End PBXFrameworksBuildPhase section */

/* Begin PBXGroup section */
		74DA250B280BE37D0086DD58 = {
			isa = PBXGroup;
			children = (
				74DA2516280BE37D0086DD58 /* HomeTask */,
				74DA2515280BE37D0086DD58 /* Products */,
			);
			sourceTree = "<group>";
		};
		74DA2515280BE37D0086DD58 /* Products */ = {
			isa = PBXGroup;
			children = (
				74DA2514280BE37D0086DD58 /* HomeTask.app */,
			);
			name = Products;
			sourceTree = "<group>";
		};
		74DA2516280BE37D0086DD58 /* HomeTask */ = {
			isa = PBXGroup;
			children = (
				74DA2517280BE37D0086DD58 /* AppDelegate.swift */,
				74DA2519280BE37D0086DD58 /* SceneDelegate.swift */,
				74DA251B280BE37D0086DD58 /* ViewController.swift */,
				7437DEA1282BF8C2008A2368 /* Model.swift */,
				7437DE9F282BF449008A2368 /* InfoTableViewController.swift */,
				7437DE9D282BF3E7008A2368 /* FullInfoTableViewCell.swift */,
				74DA251D280BE37D0086DD58 /* Main.storyboard */,
				74DA2520280BE3840086DD58 /* Assets.xcassets */,
				74DA2522280BE3850086DD58 /* LaunchScreen.storyboard */,
				74DA2525280BE3850086DD58 /* Info.plist */,
				7437DEA5282C10BF008A2368 /* Protocol.swift */,
			);
			path = HomeTask;
			sourceTree = "<group>";
		};
/* End PBXGroup section */

/* Begin PBXNativeTarget section */
		74DA2513280BE37D0086DD58 /* HomeTask */ = {
			isa = PBXNativeTarget;
			buildConfigurationList = 74DA2528280BE3850086DD58 /* Build configuration list for PBXNativeTarget "HomeTask" */;
			buildPhases = (
				74DA2510280BE37D0086DD58 /* Sources */,
				74DA2511280BE37D0086DD58 /* Frameworks */,
				74DA2512280BE37D0086DD58 /* Resources */,
			);
			buildRules = (
			);
			dependencies = (
			);
			name = HomeTask;
			productName = HomeTask;
			productReference = 74DA2514280BE37D0086DD58 /* HomeTask.app */;
			productType = "com.apple.product-type.application";
		};
/* End PBXNativeTarget section */

/* Begin PBXProject section */
		74DA250C280BE37D0086DD58 /* Project object */ = {
			isa = PBXProject;
			attributes = {
				BuildIndependentTargetsInParallel = 1;
				LastSwiftUpdateCheck = 1330;
				LastUpgradeCheck = 1330;
				TargetAttributes = {
					74DA2513280BE37D0086DD58 = {
						CreatedOnToolsVersion = 13.3;
					};
				};
			};
			buildConfigurationList = 74DA250F280BE37D0086DD58 /* Build configuration list for PBXProject "HomeTask" */;
			compatibilityVersion = "Xcode 13.0";
			developmentRegion = en;
			hasScannedForEncodings = 0;
			knownRegions = (
				en,
				Base,
			);
			mainGroup = 74DA250B280BE37D0086DD58;
			productRefGroup = 74DA2515280BE37D0086DD58 /* Products */;
			projectDirPath = "";
			projectRoot = "";
			targets = (
				74DA2513280BE37D0086DD58 /* HomeTask */,
			);
		};
/* End PBXProject section */

/* Begin PBXResourcesBuildPhase section */
		74DA2512280BE37D0086DD58 /* Resources */ = {
			isa = PBXResourcesBuildPhase;
			buildActionMask = 2147483647;
			files = (
				74DA2524280BE3850086DD58 /* LaunchScreen.storyboard in Resources */,
				74DA2521280BE3840086DD58 /* Assets.xcassets in Resources */,
				74DA251F280BE37D0086DD58 /* Main.storyboard in Resources */,
			);
			runOnlyForDeploymentPostprocessing = 0;
		};
/* End PBXResourcesBuildPhase section */

/* Begin PBXSourcesBuildPhase section */
		74DA2510280BE37D0086DD58 /* Sources */ = {
			isa = PBXSourcesBuildPhase;
			buildActionMask = 2147483647;
			files = (
				7437DE9E282BF3E7008A2368 /* FullInfoTableViewCell.swift in Sources */,
				7437DEA0282BF449008A2368 /* InfoTableViewController.swift in Sources */,
				74DA251C280BE37D0086DD58 /* ViewController.swift in Sources */,
				7437DEA6282C10BF008A2368 /* Protocol.swift in Sources */,
				7437DEA2282BF8C2008A2368 /* Model.swift in Sources */,
				74DA2518280BE37D0086DD58 /* AppDelegate.swift in Sources */,
				74DA251A280BE37D0086DD58 /* SceneDelegate.swift in Sources */,
			);
			runOnlyForDeploymentPostprocessing = 0;
		};
/* End PBXSourcesBuildPhase section */

/* Begin PBXVariantGroup section */
		74DA251D280BE37D0086DD58 /* Main.storyboard */ = {
			isa = PBXVariantGroup;
			children = (
				74DA251E280BE37D0086DD58 /* Base */,
			);
			name = Main.storyboard;
			sourceTree = "<group>";
		};
		74DA2522280BE3850086DD58 /* LaunchScreen.storyboard */ = {
			isa = PBXVariantGroup;
			children = (
				74DA2523280BE3850086DD58 /* Base */,
			);
			name = LaunchScreen.storyboard;
			sourceTree = "<group>";
		};
/* End PBXVariantGroup section */

/* Begin XCBuildConfiguration section */
		74DA2526280BE3850086DD58 /* Debug */ = {
			isa = XCBuildConfiguration;
			buildSettings = {
				ALWAYS_SEARCH_USER_PATHS = NO;
				CLANG_ANALYZER_NONNULL = YES;
				CLANG_ANALYZER_NUMBER_OBJECT_CONVERSION = YES_AGGRESSIVE;
				CLANG_CXX_LANGUAGE_STANDARD = "gnu++17";
				CLANG_ENABLE_MODULES = YES;
				CLANG_ENABLE_OBJC_ARC = YES;
				CLANG_ENABLE_OBJC_WEAK = YES;
				CLANG_WARN_BLOCK_CAPTURE_AUTORELEASING = YES;
				CLANG_WARN_BOOL_CONVERSION = YES;
				CLANG_WARN_COMMA = YES;
				CLANG_WARN_CONSTANT_CONVERSION = YES;
				CLANG_WARN_DEPRECATED_OBJC_IMPLEMENTATIONS = YES;
				CLANG_WARN_DIRECT_OBJC_ISA_USAGE = YES_ERROR;
				CLANG_WARN_DOCUMENTATION_COMMENTS = YES;
				CLANG_WARN_EMPTY_BODY = YES;
				CLANG_WARN_ENUM_CONVERSION = YES;
				CLANG_WARN_INFINITE_RECURSION = YES;
				CLANG_WARN_INT_CONVERSION = YES;
				CLANG_WARN_NON_LITERAL_NULL_CONVERSION = YES;
				CLANG_WARN_OBJC_IMPLICIT_RETAIN_SELF = YES;
				CLANG_WARN_OBJC_LITERAL_CONVERSION = YES;
				CLANG_WARN_OBJC_ROOT_CLASS = YES_ERROR;
				CLANG_WARN_QUOTED_INCLUDE_IN_FRAMEWORK_HEADER = YES;
				CLANG_WARN_RANGE_LOOP_ANALYSIS = YES;
				CLANG_WARN_STRICT_PROTOTYPES = YES;
				CLANG_WARN_SUSPICIOUS_MOVE = YES;
				CLANG_WARN_UNGUARDED_AVAILABILITY = YES_AGGRESSIVE;
				CLANG_WARN_UNREACHABLE_CODE = YES;
				CLANG_WARN__DUPLICATE_METHOD_MATCH = YES;
				COPY_PHASE_STRIP = NO;
				DEBUG_INFORMATION_FORMAT = dwarf;
				ENABLE_STRICT_OBJC_MSGSEND = YES;
				ENABLE_TESTABILITY = YES;
				GCC_C_LANGUAGE_STANDARD = gnu11;
				GCC_DYNAMIC_NO_PIC = NO;
				GCC_NO_COMMON_BLOCKS = YES;
				GCC_OPTIMIZATION_LEVEL = 0;
				GCC_PREPROCESSOR_DEFINITIONS = (
					"DEBUG=1",
					"$(inherited)",
				);
				GCC_WARN_64_TO_32_BIT_CONVERSION = YES;
				GCC_WARN_ABOUT_RETURN_TYPE = YES_ERROR;
				GCC_WARN_UNDECLARED_SELECTOR = YES;
				GCC_WARN_UNINITIALIZED_AUTOS = YES_AGGRESSIVE;
				GCC_WARN_UNUSED_FUNCTION = YES;
				GCC_WARN_UNUSED_VARIABLE = YES;
				IPHONEOS_DEPLOYMENT_TARGET = 15.4;
				MTL_ENABLE_DEBUG_INFO = INCLUDE_SOURCE;
				MTL_FAST_MATH = YES;
				ONLY_ACTIVE_ARCH = YES;
				SDKROOT = iphoneos;
				SWIFT_ACTIVE_COMPILATION_CONDITIONS = DEBUG;
				SWIFT_OPTIMIZATION_LEVEL = "-Onone";
			};
			name = Debug;
		};
		74DA2527280BE3850086DD58 /* Release */ = {
			isa = XCBuildConfiguration;
			buildSettings = {
				ALWAYS_SEARCH_USER_PATHS = NO;
				CLANG_ANALYZER_NONNULL = YES;
				CLANG_ANALYZER_NUMBER_OBJECT_CONVERSION = YES_AGGRESSIVE;
				CLANG_CXX_LANGUAGE_STANDARD = "gnu++17";
				CLANG_ENABLE_MODULES = YES;
				CLANG_ENABLE_OBJC_ARC = YES;
				CLANG_ENABLE_OBJC_WEAK = YES;
				CLANG_WARN_BLOCK_CAPTURE_AUTORELEASING = YES;
				CLANG_WARN_BOOL_CONVERSION = YES;
				CLANG_WARN_COMMA = YES;
				CLANG_WARN_CONSTANT_CONVERSION = YES;
				CLANG_WARN_DEPRECATED_OBJC_IMPLEMENTATIONS = YES;
				CLANG_WARN_DIRECT_OBJC_ISA_USAGE = YES_ERROR;
				CLANG_WARN_DOCUMENTATION_COMMENTS = YES;
				CLANG_WARN_EMPTY_BODY = YES;
				CLANG_WARN_ENUM_CONVERSION = YES;
				CLANG_WARN_INFINITE_RECURSION = YES;
				CLANG_WARN_INT_CONVERSION = YES;
				CLANG_WARN_NON_LITERAL_NULL_CONVERSION = YES;
				CLANG_WARN_OBJC_IMPLICIT_RETAIN_SELF = YES;
				CLANG_WARN_OBJC_LITERAL_CONVERSION = YES;
				CLANG_WARN_OBJC_ROOT_CLASS = YES_ERROR;
				CLANG_WARN_QUOTED_INCLUDE_IN_FRAMEWORK_HEADER = YES;
				CLANG_WARN_RANGE_LOOP_ANALYSIS = YES;
				CLANG_WARN_STRICT_PROTOTYPES = YES;
				CLANG_WARN_SUSPICIOUS_MOVE = YES;
				CLANG_WARN_UNGUARDED_AVAILABILITY = YES_AGGRESSIVE;
				CLANG_WARN_UNREACHABLE_CODE = YES;
				CLANG_WARN__DUPLICATE_METHOD_MATCH = YES;
				COPY_PHASE_STRIP = NO;
				DEBUG_INFORMATION_FORMAT = "dwarf-with-dsym";
				ENABLE_NS_ASSERTIONS = NO;
				ENABLE_STRICT_OBJC_MSGSEND = YES;
				GCC_C_LANGUAGE_STANDARD = gnu11;
				GCC_NO_COMMON_BLOCKS = YES;
				GCC_WARN_64_TO_32_BIT_CONVERSION = YES;
				GCC_WARN_ABOUT_RETURN_TYPE = YES_ERROR;
				GCC_WARN_UNDECLARED_SELECTOR = YES;
				GCC_WARN_UNINITIALIZED_AUTOS = YES_AGGRESSIVE;
				GCC_WARN_UNUSED_FUNCTION = YES;
				GCC_WARN_UNUSED_VARIABLE = YES;
				IPHONEOS_DEPLOYMENT_TARGET = 15.4;
				MTL_ENABLE_DEBUG_INFO = NO;
				MTL_FAST_MATH = YES;
				SDKROOT = iphoneos;
				SWIFT_COMPILATION_MODE = wholemodule;
				SWIFT_OPTIMIZATION_LEVEL = "-O";
				VALIDATE_PRODUCT = YES;
			};
			name = Release;
		};
		74DA2529280BE3850086DD58 /* Debug */ = {
			isa = XCBuildConfiguration;
			buildSettings = {
				ASSETCATALOG_COMPILER_APPICON_NAME = AppIcon;
				ASSETCATALOG_COMPILER_GLOBAL_ACCENT_COLOR_NAME = AccentColor;
				CODE_SIGN_STYLE = Automatic;
				CURRENT_PROJECT_VERSION = 1;
				DEVELOPMENT_TEAM = 7S58P9LH7H;
				GENERATE_INFOPLIST_FILE = YES;
				INFOPLIST_FILE = HomeTask/Info.plist;
				INFOPLIST_KEY_UIApplicationSupportsIndirectInputEvents = YES;
				INFOPLIST_KEY_UILaunchStoryboardName = LaunchScreen;
				INFOPLIST_KEY_UIMainStoryboardFile = Main;
				INFOPLIST_KEY_UISupportedInterfaceOrientations_iPad = "UIInterfaceOrientationPortrait UIInterfaceOrientationPortraitUpsideDown UIInterfaceOrientationLandscapeLeft UIInterfaceOrientationLandscapeRight";
				INFOPLIST_KEY_UISupportedInterfaceOrientations_iPhone = "UIInterfaceOrientationPortrait UIInterfaceOrientationLandscapeLeft UIInterfaceOrientationLandscapeRight";
				LD_RUNPATH_SEARCH_PATHS = (
					"$(inherited)",
					"@executable_path/Frameworks",
				);
				MARKETING_VERSION = 1.0;
				PRODUCT_BUNDLE_IDENTIFIER = com.romanKarasev.HomeTask;
				PRODUCT_NAME = "$(TARGET_NAME)";
				SWIFT_EMIT_LOC_STRINGS = YES;
				SWIFT_VERSION = 5.0;
				TARGETED_DEVICE_FAMILY = "1,2";
			};
			name = Debug;
		};
		74DA252A280BE3850086DD58 /* Release */ = {
			isa = XCBuildConfiguration;
			buildSettings = {
				ASSETCATALOG_COMPILER_APPICON_NAME = AppIcon;
				ASSETCATALOG_COMPILER_GLOBAL_ACCENT_COLOR_NAME = AccentColor;
				CODE_SIGN_STYLE = Automatic;
				CURRENT_PROJECT_VERSION = 1;
				DEVELOPMENT_TEAM = 7S58P9LH7H;
				GENERATE_INFOPLIST_FILE = YES;
				INFOPLIST_FILE = HomeTask/Info.plist;
				INFOPLIST_KEY_UIApplicationSupportsIndirectInputEvents = YES;
				INFOPLIST_KEY_UILaunchStoryboardName = LaunchScreen;
				INFOPLIST_KEY_UIMainStoryboardFile = Main;
				INFOPLIST_KEY_UISupportedInterfaceOrientations_iPad = "UIInterfaceOrientationPortrait UIInterfaceOrientationPortraitUpsideDown UIInterfaceOrientationLandscapeLeft UIInterfaceOrientationLandscapeRight";
				INFOPLIST_KEY_UISupportedInterfaceOrientations_iPhone = "UIInterfaceOrientationPortrait UIInterfaceOrientationLandscapeLeft UIInterfaceOrientationLandscapeRight";
				LD_RUNPATH_SEARCH_PATHS = (
					"$(inherited)",
					"@executable_path/Frameworks",
				);
				MARKETING_VERSION = 1.0;
				PRODUCT_BUNDLE_IDENTIFIER = com.romanKarasev.HomeTask;
				PRODUCT_NAME = "$(TARGET_NAME)";
				SWIFT_EMIT_LOC_STRINGS = YES;
				SWIFT_VERSION = 5.0;
				TARGETED_DEVICE_FAMILY = "1,2";
			};
			name = Release;
		};
/* End XCBuildConfiguration section */

/* Begin XCConfigurationList section */
		74DA250F280BE37D0086DD58 /* Build configuration list for PBXProject "HomeTask" */ = {
			isa = XCConfigurationList;
			buildConfigurations = (
				74DA2526280BE3850086DD58 /* Debug */,
				74DA2527280BE3850086DD58 /* Release */,
			);
			defaultConfigurationIsVisible = 0;
			defaultConfigurationName = Release;
		};
		74DA2528280BE3850086DD58 /* Build configuration list for PBXNativeTarget "HomeTask" */ = {
			isa = XCConfigurationList;
			buildConfigurations = (
				74DA2529280BE3850086DD58 /* Debug */,
				74DA252A280BE3850086DD58 /* Release */,
			);
			defaultConfigurationIsVisible = 0;
			defaultConfigurationName = Release;
		};
/* End XCConfigurationList section */
	};
	rootObject = 74DA250C280BE37D0086DD58 /* Project object */;
}
